
Microsoft Visual Studio Solution File, Format Version 12.00
# Visual Studio Version 16
VisualStudioVersion = 16.0.34729.46
MinimumVisualStudioVersion = 10.0.40219.1
Project("{FAE04EC0-301F-11D3-BF4B-00C04F79EFBC}") = "2025.03.27", "2025.03.27\2025.03.27.csproj", "{418F9038-BEDF-419D-A07A-CDBC69A5802D}"
EndProject
Global
	GlobalSection(SolutionConfigurationPlatforms) = preSolution
		Debug|Any CPU = Debug|Any CPU
		Release|Any CPU = Release|Any CPU
	EndGlobalSection
	GlobalSection(ProjectConfigurationPlatforms) = postSolution
		{418F9038-BEDF-419D-A07A-CDBC69A5802D}.Debug|Any CPU.ActiveCfg = Debug|Any CPU
		{418F9038-BEDF-419D-A07A-CDBC69A5802D}.Debug|Any CPU.Build.0 = Debug|Any CPU
		{418F9038-BEDF-419D-A07A-CDBC69A5802D}.Release|Any CPU.ActiveCfg = Release|Any CPU
		{418F9038-BEDF-419D-A07A-CDBC69A5802D}.Release|Any CPU.Build.0 = Release|Any CPU
	EndGlobalSection
	GlobalSection(SolutionProperties) = preSolution
		HideSolutionNode = FALSE
	EndGlobalSection
	GlobalSection(ExtensibilityGlobals) = postSolution
		SolutionGuid = {5FE09C22-A0C6-4240-8944-F86BF9ED0948}
	EndGlobalSection
EndGlobal
